
Microsoft Visual Studio Solution File, Format Version 12.00
# Visual Studio Version 17
VisualStudioVersion = 17.13.35931.197 d17.13
MinimumVisualStudioVersion = 10.0.40219.1
Project("{FAE04EC0-301F-11D3-BF4B-00C04F79EFBC}") = "SistemaAtendimento", "SistemaAtendimento.csproj", "{7A9355E9-5F41-4925-AEC3-7BF5D6720BCE}"
EndProject
Global
	GlobalSection(SolutionConfigurationPlatforms) = preSolution
		Debug|Any CPU = Debug|Any CPU
		Release|Any CPU = Release|Any CPU
	EndGlobalSection
	GlobalSection(ProjectConfigurationPlatforms) = postSolution
		{7A9355E9-5F41-4925-AEC3-7BF5D6720BCE}.Debug|Any CPU.ActiveCfg = Debug|Any CPU
		{7A9355E9-5F41-4925-AEC3-7BF5D6720BCE}.Debug|Any CPU.Build.0 = Debug|Any CPU
		{7A9355E9-5F41-4925-AEC3-7BF5D6720BCE}.Release|Any CPU.ActiveCfg = Release|Any CPU
		{7A9355E9-5F41-4925-AEC3-7BF5D6720BCE}.Release|Any CPU.Build.0 = Release|Any CPU
	EndGlobalSection
	GlobalSection(SolutionProperties) = preSolution
		HideSolutionNode = FALSE
	EndGlobalSection
	GlobalSection(ExtensibilityGlobals) = postSolution
		SolutionGuid = {76C5D2F5-DEF0-4E2C-B265-DFE4D2D940FD}
	EndGlobalSection
EndGlobal
